
Microsoft Visual Studio Solution File, Format Version 12.00
# Visual Studio 15
VisualStudioVersion = 15.0.26124.0
MinimumVisualStudioVersion = 15.0.26124.0
Project("{2150E333-8FDC-42A3-9474-1A3956D46DE8}") = "src", "src", "{B5E4D913-71F2-4A8F-A7E4-BF28DD439B64}"
EndProject
Project("{2150E333-8FDC-42A3-9474-1A3956D46DE8}") = "Domain", "Domain", "{9D3C5EB3-DD3E-4A13-AD28-F1D2C77534CC}"
EndProject
Project("{FAE04EC0-301F-11D3-BF4B-00C04F79EFBC}") = "ProAgil.Domain", "src\Domain\ProAgil.Domain\ProAgil.Domain.csproj", "{051C28BC-5908-4295-8633-D5FF35F6D6D1}"
EndProject
Project("{2150E333-8FDC-42A3-9474-1A3956D46DE8}") = "Infra", "Infra", "{1102CD3E-E35D-4D04-83F8-E884F3A0CB9A}"
EndProject
Project("{FAE04EC0-301F-11D3-BF4B-00C04F79EFBC}") = "ProAgil.Infra.Data", "src\Infra\ProAgil.Infra.Data\ProAgil.Infra.Data.csproj", "{27E4F039-13EB-47D3-89F0-7A15AC2C0123}"
EndProject
Project("{2150E333-8FDC-42A3-9474-1A3956D46DE8}") = "Tests", "Tests", "{96382E95-E369-4F83-81A2-5E6FC3E4D7AA}"
EndProject
Project("{FAE04EC0-301F-11D3-BF4B-00C04F79EFBC}") = "ProAgil.Domain.Tests", "Tests\proagil.Domain.Tests\ProAgil.Domain.Tests.csproj", "{9BF4B240-D956-4287-A2B7-69FCE82551C4}"
EndProject
Project("{FAE04EC0-301F-11D3-BF4B-00C04F79EFBC}") = "Proagil.Domain.Shared", "src\Domain\Proagil.Domain.Shared\Proagil.Domain.Shared.csproj", "{DD7019A1-E6E8-4FBA-A63C-87CBD213F489}"
EndProject
Project("{2150E333-8FDC-42A3-9474-1A3956D46DE8}") = "Application", "Application", "{F7481BAB-2298-4247-8C7C-E959B17F514E}"
EndProject
Project("{FAE04EC0-301F-11D3-BF4B-00C04F79EFBC}") = "ProAgil.Application.Api", "src\Application\ProAgil.Application.Api\ProAgil.Application.Api.csproj", "{EB4DDF38-73F1-45C4-AF41-9D04FF477E09}"
EndProject
Project("{FAE04EC0-301F-11D3-BF4B-00C04F79EFBC}") = "ProAgil.infra.crosscutting", "src\infra\ProAgil.infra.crosscutting\ProAgil.infra.crosscutting.csproj", "{43C1C381-3BE6-44AF-ACDC-91D7BFD313C7}"
EndProject
Global
	GlobalSection(SolutionConfigurationPlatforms) = preSolution
		Debug|Any CPU = Debug|Any CPU
		Debug|x64 = Debug|x64
		Debug|x86 = Debug|x86
		Release|Any CPU = Release|Any CPU
		Release|x64 = Release|x64
		Release|x86 = Release|x86
	EndGlobalSection
	GlobalSection(SolutionProperties) = preSolution
		HideSolutionNode = FALSE
	EndGlobalSection
	GlobalSection(ProjectConfigurationPlatforms) = postSolution
		{051C28BC-5908-4295-8633-D5FF35F6D6D1}.Debug|Any CPU.ActiveCfg = Debug|Any CPU
		{051C28BC-5908-4295-8633-D5FF35F6D6D1}.Debug|Any CPU.Build.0 = Debug|Any CPU
		{051C28BC-5908-4295-8633-D5FF35F6D6D1}.Debug|x64.ActiveCfg = Debug|Any CPU
		{051C28BC-5908-4295-8633-D5FF35F6D6D1}.Debug|x64.Build.0 = Debug|Any CPU
		{051C28BC-5908-4295-8633-D5FF35F6D6D1}.Debug|x86.ActiveCfg = Debug|Any CPU
		{051C28BC-5908-4295-8633-D5FF35F6D6D1}.Debug|x86.Build.0 = Debug|Any CPU
		{051C28BC-5908-4295-8633-D5FF35F6D6D1}.Release|Any CPU.ActiveCfg = Release|Any CPU
		{051C28BC-5908-4295-8633-D5FF35F6D6D1}.Release|Any CPU.Build.0 = Release|Any CPU
		{051C28BC-5908-4295-8633-D5FF35F6D6D1}.Release|x64.ActiveCfg = Release|Any CPU
		{051C28BC-5908-4295-8633-D5FF35F6D6D1}.Release|x64.Build.0 = Release|Any CPU
		{051C28BC-5908-4295-8633-D5FF35F6D6D1}.Release|x86.ActiveCfg = Release|Any CPU
		{051C28BC-5908-4295-8633-D5FF35F6D6D1}.Release|x86.Build.0 = Release|Any CPU
		{27E4F039-13EB-47D3-89F0-7A15AC2C0123}.Debug|Any CPU.ActiveCfg = Debug|Any CPU
		{27E4F039-13EB-47D3-89F0-7A15AC2C0123}.Debug|Any CPU.Build.0 = Debug|Any CPU
		{27E4F039-13EB-47D3-89F0-7A15AC2C0123}.Debug|x64.ActiveCfg = Debug|Any CPU
		{27E4F039-13EB-47D3-89F0-7A15AC2C0123}.Debug|x64.Build.0 = Debug|Any CPU
		{27E4F039-13EB-47D3-89F0-7A15AC2C0123}.Debug|x86.ActiveCfg = Debug|Any CPU
		{27E4F039-13EB-47D3-89F0-7A15AC2C0123}.Debug|x86.Build.0 = Debug|Any CPU
		{27E4F039-13EB-47D3-89F0-7A15AC2C0123}.Release|Any CPU.ActiveCfg = Release|Any CPU
		{27E4F039-13EB-47D3-89F0-7A15AC2C0123}.Release|Any CPU.Build.0 = Release|Any CPU
		{27E4F039-13EB-47D3-89F0-7A15AC2C0123}.Release|x64.ActiveCfg = Release|Any CPU
		{27E4F039-13EB-47D3-89F0-7A15AC2C0123}.Release|x64.Build.0 = Release|Any CPU
		{27E4F039-13EB-47D3-89F0-7A15AC2C0123}.Release|x86.ActiveCfg = Release|Any CPU
		{27E4F039-13EB-47D3-89F0-7A15AC2C0123}.Release|x86.Build.0 = Release|Any CPU
		{9BF4B240-D956-4287-A2B7-69FCE82551C4}.Debug|Any CPU.ActiveCfg = Debug|Any CPU
		{9BF4B240-D956-4287-A2B7-69FCE82551C4}.Debug|Any CPU.Build.0 = Debug|Any CPU
		{9BF4B240-D956-4287-A2B7-69FCE82551C4}.Debug|x64.ActiveCfg = Debug|Any CPU
		{9BF4B240-D956-4287-A2B7-69FCE82551C4}.Debug|x64.Build.0 = Debug|Any CPU
		{9BF4B240-D956-4287-A2B7-69FCE82551C4}.Debug|x86.ActiveCfg = Debug|Any CPU
		{9BF4B240-D956-4287-A2B7-69FCE82551C4}.Debug|x86.Build.0 = Debug|Any CPU
		{9BF4B240-D956-4287-A2B7-69FCE82551C4}.Release|Any CPU.ActiveCfg = Release|Any CPU
		{9BF4B240-D956-4287-A2B7-69FCE82551C4}.Release|Any CPU.Build.0 = Release|Any CPU
		{9BF4B240-D956-4287-A2B7-69FCE82551C4}.Release|x64.ActiveCfg = Release|Any CPU
		{9BF4B240-D956-4287-A2B7-69FCE82551C4}.Release|x64.Build.0 = Release|Any CPU
		{9BF4B240-D956-4287-A2B7-69FCE82551C4}.Release|x86.ActiveCfg = Release|Any CPU
		{9BF4B240-D956-4287-A2B7-69FCE82551C4}.Release|x86.Build.0 = Release|Any CPU
		{DD7019A1-E6E8-4FBA-A63C-87CBD213F489}.Debug|Any CPU.ActiveCfg = Debug|Any CPU
		{DD7019A1-E6E8-4FBA-A63C-87CBD213F489}.Debug|Any CPU.Build.0 = Debug|Any CPU
		{DD7019A1-E6E8-4FBA-A63C-87CBD213F489}.Debug|x64.ActiveCfg = Debug|Any CPU
		{DD7019A1-E6E8-4FBA-A63C-87CBD213F489}.Debug|x64.Build.0 = Debug|Any CPU
		{DD7019A1-E6E8-4FBA-A63C-87CBD213F489}.Debug|x86.ActiveCfg = Debug|Any CPU
		{DD7019A1-E6E8-4FBA-A63C-87CBD213F489}.Debug|x86.Build.0 = Debug|Any CPU
		{DD7019A1-E6E8-4FBA-A63C-87CBD213F489}.Release|Any CPU.ActiveCfg = Release|Any CPU
		{DD7019A1-E6E8-4FBA-A63C-87CBD213F489}.Release|Any CPU.Build.0 = Release|Any CPU
		{DD7019A1-E6E8-4FBA-A63C-87CBD213F489}.Release|x64.ActiveCfg = Release|Any CPU
		{DD7019A1-E6E8-4FBA-A63C-87CBD213F489}.Release|x64.Build.0 = Release|Any CPU
		{DD7019A1-E6E8-4FBA-A63C-87CBD213F489}.Release|x86.ActiveCfg = Release|Any CPU
		{DD7019A1-E6E8-4FBA-A63C-87CBD213F489}.Release|x86.Build.0 = Release|Any CPU
		{EB4DDF38-73F1-45C4-AF41-9D04FF477E09}.Debug|Any CPU.ActiveCfg = Debug|Any CPU
		{EB4DDF38-73F1-45C4-AF41-9D04FF477E09}.Debug|Any CPU.Build.0 = Debug|Any CPU
		{EB4DDF38-73F1-45C4-AF41-9D04FF477E09}.Debug|x64.ActiveCfg = Debug|Any CPU
		{EB4DDF38-73F1-45C4-AF41-9D04FF477E09}.Debug|x64.Build.0 = Debug|Any CPU
		{EB4DDF38-73F1-45C4-AF41-9D04FF477E09}.Debug|x86.ActiveCfg = Debug|Any CPU
		{EB4DDF38-73F1-45C4-AF41-9D04FF477E09}.Debug|x86.Build.0 = Debug|Any CPU
		{EB4DDF38-73F1-45C4-AF41-9D04FF477E09}.Release|Any CPU.ActiveCfg = Release|Any CPU
		{EB4DDF38-73F1-45C4-AF41-9D04FF477E09}.Release|Any CPU.Build.0 = Release|Any CPU
		{EB4DDF38-73F1-45C4-AF41-9D04FF477E09}.Release|x64.ActiveCfg = Release|Any CPU
		{EB4DDF38-73F1-45C4-AF41-9D04FF477E09}.Release|x64.Build.0 = Release|Any CPU
		{EB4DDF38-73F1-45C4-AF41-9D04FF477E09}.Release|x86.ActiveCfg = Release|Any CPU
		{EB4DDF38-73F1-45C4-AF41-9D04FF477E09}.Release|x86.Build.0 = Release|Any CPU
		{43C1C381-3BE6-44AF-ACDC-91D7BFD313C7}.Debug|Any CPU.ActiveCfg = Debug|Any CPU
		{43C1C381-3BE6-44AF-ACDC-91D7BFD313C7}.Debug|Any CPU.Build.0 = Debug|Any CPU
		{43C1C381-3BE6-44AF-ACDC-91D7BFD313C7}.Debug|x64.ActiveCfg = Debug|Any CPU
		{43C1C381-3BE6-44AF-ACDC-91D7BFD313C7}.Debug|x64.Build.0 = Debug|Any CPU
		{43C1C381-3BE6-44AF-ACDC-91D7BFD313C7}.Debug|x86.ActiveCfg = Debug|Any CPU
		{43C1C381-3BE6-44AF-ACDC-91D7BFD313C7}.Debug|x86.Build.0 = Debug|Any CPU
		{43C1C381-3BE6-44AF-ACDC-91D7BFD313C7}.Release|Any CPU.ActiveCfg = Release|Any CPU
		{43C1C381-3BE6-44AF-ACDC-91D7BFD313C7}.Release|Any CPU.Build.0 = Release|Any CPU
		{43C1C381-3BE6-44AF-ACDC-91D7BFD313C7}.Release|x64.ActiveCfg = Release|Any CPU
		{43C1C381-3BE6-44AF-ACDC-91D7BFD313C7}.Release|x64.Build.0 = Release|Any CPU
		{43C1C381-3BE6-44AF-ACDC-91D7BFD313C7}.Release|x86.ActiveCfg = Release|Any CPU
		{43C1C381-3BE6-44AF-ACDC-91D7BFD313C7}.Release|x86.Build.0 = Release|Any CPU
	EndGlobalSection
	GlobalSection(NestedProjects) = preSolution
		{9D3C5EB3-DD3E-4A13-AD28-F1D2C77534CC} = {B5E4D913-71F2-4A8F-A7E4-BF28DD439B64}
		{051C28BC-5908-4295-8633-D5FF35F6D6D1} = {9D3C5EB3-DD3E-4A13-AD28-F1D2C77534CC}
		{1102CD3E-E35D-4D04-83F8-E884F3A0CB9A} = {B5E4D913-71F2-4A8F-A7E4-BF28DD439B64}
		{27E4F039-13EB-47D3-89F0-7A15AC2C0123} = {1102CD3E-E35D-4D04-83F8-E884F3A0CB9A}
		{9BF4B240-D956-4287-A2B7-69FCE82551C4} = {96382E95-E369-4F83-81A2-5E6FC3E4D7AA}
		{DD7019A1-E6E8-4FBA-A63C-87CBD213F489} = {9D3C5EB3-DD3E-4A13-AD28-F1D2C77534CC}
		{F7481BAB-2298-4247-8C7C-E959B17F514E} = {B5E4D913-71F2-4A8F-A7E4-BF28DD439B64}
		{EB4DDF38-73F1-45C4-AF41-9D04FF477E09} = {F7481BAB-2298-4247-8C7C-E959B17F514E}
		{43C1C381-3BE6-44AF-ACDC-91D7BFD313C7} = {1102CD3E-E35D-4D04-83F8-E884F3A0CB9A}
	EndGlobalSection
EndGlobal
